
Microsoft Visual Studio Solution File, Format Version 12.00
# Visual Studio Version 17
VisualStudioVersion = 17.3.32728.150
MinimumVisualStudioVersion = 10.0.40219.1
Project("{FAE04EC0-301F-11D3-BF4B-00C04F79EFBC}") = "MKproject", "MKproject\MKproject.csproj", "{94B083B7-73A8-4E76-8907-723974B4EEAB}"
EndProject
Project("{FAE04EC0-301F-11D3-BF4B-00C04F79EFBC}") = "CustomizedTools", "CustomizedTools\CustomizedTools.csproj", "{4F6F3CC1-0775-4AEA-AB80-55BB94D3ED31}"
EndProject
Project("{FAE04EC0-301F-11D3-BF4B-00C04F79EFBC}") = "GlobalFunctions", "GlobalFunctions\GlobalFunctions.csproj", "{22547F07-6436-4C93-8007-188A1E6DFBC7}"
EndProject
Global
	GlobalSection(SolutionConfigurationPlatforms) = preSolution
		Debug|Any CPU = Debug|Any CPU
		Release|Any CPU = Release|Any CPU
	EndGlobalSection
	GlobalSection(ProjectConfigurationPlatforms) = postSolution
		{94B083B7-73A8-4E76-8907-723974B4EEAB}.Debug|Any CPU.ActiveCfg = Debug|Any CPU
		{94B083B7-73A8-4E76-8907-723974B4EEAB}.Debug|Any CPU.Build.0 = Debug|Any CPU
		{94B083B7-73A8-4E76-8907-723974B4EEAB}.Release|Any CPU.ActiveCfg = Release|Any CPU
		{94B083B7-73A8-4E76-8907-723974B4EEAB}.Release|Any CPU.Build.0 = Release|Any CPU
		{4F6F3CC1-0775-4AEA-AB80-55BB94D3ED31}.Debug|Any CPU.ActiveCfg = Debug|Any CPU
		{4F6F3CC1-0775-4AEA-AB80-55BB94D3ED31}.Debug|Any CPU.Build.0 = Debug|Any CPU
		{4F6F3CC1-0775-4AEA-AB80-55BB94D3ED31}.Release|Any CPU.ActiveCfg = Release|Any CPU
		{4F6F3CC1-0775-4AEA-AB80-55BB94D3ED31}.Release|Any CPU.Build.0 = Release|Any CPU
		{22547F07-6436-4C93-8007-188A1E6DFBC7}.Debug|Any CPU.ActiveCfg = Debug|Any CPU
		{22547F07-6436-4C93-8007-188A1E6DFBC7}.Debug|Any CPU.Build.0 = Debug|Any CPU
		{22547F07-6436-4C93-8007-188A1E6DFBC7}.Release|Any CPU.ActiveCfg = Release|Any CPU
		{22547F07-6436-4C93-8007-188A1E6DFBC7}.Release|Any CPU.Build.0 = Release|Any CPU
	EndGlobalSection
	GlobalSection(SolutionProperties) = preSolution
		HideSolutionNode = FALSE
	EndGlobalSection
	GlobalSection(ExtensibilityGlobals) = postSolution
		SolutionGuid = {0490AF42-878B-4FFB-92D2-E2442F8FDD1C}
	EndGlobalSection
EndGlobal
